// !$*UTF8*$!
{
	archiveVersion = 1;
	classes = {
	};
	objectVersion = 50;
	objects = {

/* Begin PBXBuildFile section */
		8409183A22CBBB4A0005B89A /* PDLayout.swift in Sources */ = {isa = PBXBuildFile; fileRef = 8409183922CBBB4A0005B89A /* PDLayout.swift */; };
		8409183E22CBC9990005B89A /* UIScrollView.swift in Sources */ = {isa = PBXBuildFile; fileRef = 8409183D22CBC9990005B89A /* UIScrollView.swift */; };
		8409184122CC69710005B89A /* UIButton.swift in Sources */ = {isa = PBXBuildFile; fileRef = 8409184022CC69710005B89A /* UIButton.swift */; };
		8409184322CC6CA30005B89A /* String.swift in Sources */ = {isa = PBXBuildFile; fileRef = 8409184222CC6CA30005B89A /* String.swift */; };
		8409184522CC6CEC0005B89A /* UILabel.swift in Sources */ = {isa = PBXBuildFile; fileRef = 8409184422CC6CEC0005B89A /* UILabel.swift */; };
		8409184722CC6EA50005B89A /* Array.swift in Sources */ = {isa = PBXBuildFile; fileRef = 8409184622CC6EA50005B89A /* Array.swift */; };
		8409184922CC6EC90005B89A /* Dictionary.swift in Sources */ = {isa = PBXBuildFile; fileRef = 8409184822CC6EC90005B89A /* Dictionary.swift */; };
		8409184E22CC86730005B89A /* UICollectionView.swift in Sources */ = {isa = PBXBuildFile; fileRef = 8409184D22CC86730005B89A /* UICollectionView.swift */; };
		8409185022CCA1600005B89A /* UITableView.swift in Sources */ = {isa = PBXBuildFile; fileRef = 8409184F22CCA1600005B89A /* UITableView.swift */; };
		8409185222CCB96B0005B89A /* PDText.swift in Sources */ = {isa = PBXBuildFile; fileRef = 8409185122CCB96B0005B89A /* PDText.swift */; };
		840CFDDF22AB84AA00F03CBC /* PDExtension.h in Headers */ = {isa = PBXBuildFile; fileRef = 840CFDDD22AB84AA00F03CBC /* PDExtension.h */; settings = {ATTRIBUTES = (Public, ); }; };
		841216B722C9F1900034760C /* PHImageManager.swift in Sources */ = {isa = PBXBuildFile; fileRef = 841216B622C9F1900034760C /* PHImageManager.swift */; };
		84142E3122CE459A005E7F4B /* PDRequest.swift in Sources */ = {isa = PBXBuildFile; fileRef = 84142E3022CE459A005E7F4B /* PDRequest.swift */; };
		842EB7DF22D4AA34004CEAA5 /* UIImageView.swift in Sources */ = {isa = PBXBuildFile; fileRef = 842EB7DE22D4AA34004CEAA5 /* UIImageView.swift */; };
		842FCE0B22C893F50071750F /* UIView.swift in Sources */ = {isa = PBXBuildFile; fileRef = 842FCE0A22C893F50071750F /* UIView.swift */; };
		8435652722D31FB8007256A0 /* UITextfield.swift in Sources */ = {isa = PBXBuildFile; fileRef = 8435652622D31FB8007256A0 /* UITextfield.swift */; };
		8452BA9622C655D000A3A553 /* PDCamera.swift in Sources */ = {isa = PBXBuildFile; fileRef = 8452BA9522C655D000A3A553 /* PDCamera.swift */; };
		846491CA22B15C550077CF41 /* Simplify.swift in Sources */ = {isa = PBXBuildFile; fileRef = 846491C922B15C550077CF41 /* Simplify.swift */; };
		846491D122B1F62C0077CF41 /* PDAlert.swift in Sources */ = {isa = PBXBuildFile; fileRef = 846491D022B1F62C0077CF41 /* PDAlert.swift */; };
		847F72CB22D79269008C289C /* UIProgressView.swift in Sources */ = {isa = PBXBuildFile; fileRef = 847F72CA22D79269008C289C /* UIProgressView.swift */; };
		84D3CABC22ACCFD50035A126 /* PDAttrbuted.swift in Sources */ = {isa = PBXBuildFile; fileRef = 84D3CABB22ACCFD50035A126 /* PDAttrbuted.swift */; };
/* End PBXBuildFile section */

/* Begin PBXFileReference section */
		8409183922CBBB4A0005B89A /* PDLayout.swift */ = {isa = PBXFileReference; lastKnownFileType = sourcecode.swift; path = PDLayout.swift; sourceTree = "<group>"; };
		8409183D22CBC9990005B89A /* UIScrollView.swift */ = {isa = PBXFileReference; lastKnownFileType = sourcecode.swift; path = UIScrollView.swift; sourceTree = "<group>"; };
		8409184022CC69710005B89A /* UIButton.swift */ = {isa = PBXFileReference; lastKnownFileType = sourcecode.swift; path = UIButton.swift; sourceTree = "<group>"; };
		8409184222CC6CA30005B89A /* String.swift */ = {isa = PBXFileReference; lastKnownFileType = sourcecode.swift; path = String.swift; sourceTree = "<group>"; };
		8409184422CC6CEC0005B89A /* UILabel.swift */ = {isa = PBXFileReference; lastKnownFileType = sourcecode.swift; path = UILabel.swift; sourceTree = "<group>"; };
		8409184622CC6EA50005B89A /* Array.swift */ = {isa = PBXFileReference; lastKnownFileType = sourcecode.swift; path = Array.swift; sourceTree = "<group>"; };
		8409184822CC6EC90005B89A /* Dictionary.swift */ = {isa = PBXFileReference; lastKnownFileType = sourcecode.swift; path = Dictionary.swift; sourceTree = "<group>"; };
		8409184D22CC86730005B89A /* UICollectionView.swift */ = {isa = PBXFileReference; lastKnownFileType = sourcecode.swift; path = UICollectionView.swift; sourceTree = "<group>"; };
		8409184F22CCA1600005B89A /* UITableView.swift */ = {isa = PBXFileReference; lastKnownFileType = sourcecode.swift; path = UITableView.swift; sourceTree = "<group>"; };
		8409185122CCB96B0005B89A /* PDText.swift */ = {isa = PBXFileReference; lastKnownFileType = sourcecode.swift; path = PDText.swift; sourceTree = "<group>"; };
		840CFDDA22AB84AA00F03CBC /* PDExtension.framework */ = {isa = PBXFileReference; explicitFileType = wrapper.framework; includeInIndex = 0; path = PDExtension.framework; sourceTree = BUILT_PRODUCTS_DIR; };
		840CFDDD22AB84AA00F03CBC /* PDExtension.h */ = {isa = PBXFileReference; lastKnownFileType = sourcecode.c.h; path = PDExtension.h; sourceTree = "<group>"; };
		840CFDDE22AB84AA00F03CBC /* Info.plist */ = {isa = PBXFileReference; lastKnownFileType = text.plist.xml; path = Info.plist; sourceTree = "<group>"; };
		841216B622C9F1900034760C /* PHImageManager.swift */ = {isa = PBXFileReference; lastKnownFileType = sourcecode.swift; path = PHImageManager.swift; sourceTree = "<group>"; };
		84142E3022CE459A005E7F4B /* PDRequest.swift */ = {isa = PBXFileReference; lastKnownFileType = sourcecode.swift; path = PDRequest.swift; sourceTree = "<group>"; };
		842EB7DE22D4AA34004CEAA5 /* UIImageView.swift */ = {isa = PBXFileReference; lastKnownFileType = sourcecode.swift; path = UIImageView.swift; sourceTree = "<group>"; };
		842FCE0A22C893F50071750F /* UIView.swift */ = {isa = PBXFileReference; lastKnownFileType = sourcecode.swift; path = UIView.swift; sourceTree = "<group>"; };
		8435652622D31FB8007256A0 /* UITextfield.swift */ = {isa = PBXFileReference; lastKnownFileType = sourcecode.swift; path = UITextfield.swift; sourceTree = "<group>"; };
		8452BA9522C655D000A3A553 /* PDCamera.swift */ = {isa = PBXFileReference; fileEncoding = 4; lastKnownFileType = sourcecode.swift; path = PDCamera.swift; sourceTree = "<group>"; };
		846491C922B15C550077CF41 /* Simplify.swift */ = {isa = PBXFileReference; lastKnownFileType = sourcecode.swift; path = Simplify.swift; sourceTree = "<group>"; };
		846491D022B1F62C0077CF41 /* PDAlert.swift */ = {isa = PBXFileReference; lastKnownFileType = sourcecode.swift; path = PDAlert.swift; sourceTree = "<group>"; };
		847F72CA22D79269008C289C /* UIProgressView.swift */ = {isa = PBXFileReference; lastKnownFileType = sourcecode.swift; path = UIProgressView.swift; sourceTree = "<group>"; };
		84D3CABB22ACCFD50035A126 /* PDAttrbuted.swift */ = {isa = PBXFileReference; lastKnownFileType = sourcecode.swift; path = PDAttrbuted.swift; sourceTree = "<group>"; };
/* End PBXFileReference section */

/* Begin PBXFrameworksBuildPhase section */
		840CFDD722AB84AA00F03CBC /* Frameworks */ = {
			isa = PBXFrameworksBuildPhase;
			buildActionMask = 2147483647;
			files = (
			);
			runOnlyForDeploymentPostprocessing = 0;
		};
/* End PBXFrameworksBuildPhase section */

/* Begin PBXGroup section */
		8409184A22CC853E0005B89A /* Extension */ = {
			isa = PBXGroup;
			children = (
				842FCE0A22C893F50071750F /* UIView.swift */,
				8409184422CC6CEC0005B89A /* UILabel.swift */,
				8409184022CC69710005B89A /* UIButton.swift */,
				842EB7DE22D4AA34004CEAA5 /* UIImageView.swift */,
				8435652622D31FB8007256A0 /* UITextfield.swift */,
				8409184F22CCA1600005B89A /* UITableView.swift */,
				8409184D22CC86730005B89A /* UICollectionView.swift */,
				8409183D22CBC9990005B89A /* UIScrollView.swift */,
				847F72CA22D79269008C289C /* UIProgressView.swift */,
				8409184222CC6CA30005B89A /* String.swift */,
				8409184622CC6EA50005B89A /* Array.swift */,
				8409184822CC6EC90005B89A /* Dictionary.swift */,
				841216B622C9F1900034760C /* PHImageManager.swift */,
			);
			path = Extension;
			sourceTree = "<group>";
		};
		8409184B22CC85740005B89A /* Object */ = {
			isa = PBXGroup;
			children = (
				8452BA9522C655D000A3A553 /* PDCamera.swift */,
				84D3CABB22ACCFD50035A126 /* PDAttrbuted.swift */,
				846491D022B1F62C0077CF41 /* PDAlert.swift */,
				8409183922CBBB4A0005B89A /* PDLayout.swift */,
				8409185122CCB96B0005B89A /* PDText.swift */,
				84142E3022CE459A005E7F4B /* PDRequest.swift */,
			);
			path = Object;
			sourceTree = "<group>";
		};
		840CFDD022AB84AA00F03CBC = {
			isa = PBXGroup;
			children = (
				840CFDDC22AB84AA00F03CBC /* PDExtension */,
				840CFDDB22AB84AA00F03CBC /* Products */,
			);
			sourceTree = "<group>";
		};
		840CFDDB22AB84AA00F03CBC /* Products */ = {
			isa = PBXGroup;
			children = (
				840CFDDA22AB84AA00F03CBC /* PDExtension.framework */,
			);
			name = Products;
			sourceTree = "<group>";
		};
		840CFDDC22AB84AA00F03CBC /* PDExtension */ = {
			isa = PBXGroup;
			children = (
				846491C922B15C550077CF41 /* Simplify.swift */,
				8409184A22CC853E0005B89A /* Extension */,
				8409184B22CC85740005B89A /* Object */,
				840CFDDD22AB84AA00F03CBC /* PDExtension.h */,
				840CFDDE22AB84AA00F03CBC /* Info.plist */,
			);
			path = PDExtension;
			sourceTree = "<group>";
		};
/* End PBXGroup section */

/* Begin PBXHeadersBuildPhase section */
		840CFDD522AB84AA00F03CBC /* Headers */ = {
			isa = PBXHeadersBuildPhase;
			buildActionMask = 2147483647;
			files = (
				840CFDDF22AB84AA00F03CBC /* PDExtension.h in Headers */,
			);
			runOnlyForDeploymentPostprocessing = 0;
		};
/* End PBXHeadersBuildPhase section */

/* Begin PBXNativeTarget section */
		840CFDD922AB84AA00F03CBC /* PDExtension */ = {
			isa = PBXNativeTarget;
			buildConfigurationList = 840CFDE222AB84AA00F03CBC /* Build configuration list for PBXNativeTarget "PDExtension" */;
			buildPhases = (
				840CFDD522AB84AA00F03CBC /* Headers */,
				840CFDD622AB84AA00F03CBC /* Sources */,
				840CFDD722AB84AA00F03CBC /* Frameworks */,
				840CFDD822AB84AA00F03CBC /* Resources */,
			);
			buildRules = (
			);
			dependencies = (
			);
			name = PDExtension;
			productName = PDExtension;
			productReference = 840CFDDA22AB84AA00F03CBC /* PDExtension.framework */;
			productType = "com.apple.product-type.framework";
		};
/* End PBXNativeTarget section */

/* Begin PBXProject section */
		840CFDD122AB84AA00F03CBC /* Project object */ = {
			isa = PBXProject;
			attributes = {
				LastUpgradeCheck = 1020;
				ORGANIZATIONNAME = "Pardn Co., Ltd";
				TargetAttributes = {
					840CFDD922AB84AA00F03CBC = {
						CreatedOnToolsVersion = 10.2.1;
						LastSwiftMigration = 1020;
					};
				};
			};
			buildConfigurationList = 840CFDD422AB84AA00F03CBC /* Build configuration list for PBXProject "PDExtension" */;
			compatibilityVersion = "Xcode 9.3";
			developmentRegion = en;
			hasScannedForEncodings = 0;
			knownRegions = (
				en,
			);
			mainGroup = 840CFDD022AB84AA00F03CBC;
			productRefGroup = 840CFDDB22AB84AA00F03CBC /* Products */;
			projectDirPath = "";
			projectRoot = "";
			targets = (
				840CFDD922AB84AA00F03CBC /* PDExtension */,
			);
		};
/* End PBXProject section */

/* Begin PBXResourcesBuildPhase section */
		840CFDD822AB84AA00F03CBC /* Resources */ = {
			isa = PBXResourcesBuildPhase;
			buildActionMask = 2147483647;
			files = (
			);
			runOnlyForDeploymentPostprocessing = 0;
		};
/* End PBXResourcesBuildPhase section */

/* Begin PBXSourcesBuildPhase section */
		840CFDD622AB84AA00F03CBC /* Sources */ = {
			isa = PBXSourcesBuildPhase;
			buildActionMask = 2147483647;
			files = (
				8409185222CCB96B0005B89A /* PDText.swift in Sources */,
				842FCE0B22C893F50071750F /* UIView.swift in Sources */,
				846491D122B1F62C0077CF41 /* PDAlert.swift in Sources */,
				8409185022CCA1600005B89A /* UITableView.swift in Sources */,
				8409184E22CC86730005B89A /* UICollectionView.swift in Sources */,
				8435652722D31FB8007256A0 /* UITextfield.swift in Sources */,
				84142E3122CE459A005E7F4B /* PDRequest.swift in Sources */,
				8409184322CC6CA30005B89A /* String.swift in Sources */,
				8409184922CC6EC90005B89A /* Dictionary.swift in Sources */,
				8409184522CC6CEC0005B89A /* UILabel.swift in Sources */,
				846491CA22B15C550077CF41 /* Simplify.swift in Sources */,
				8409183A22CBBB4A0005B89A /* PDLayout.swift in Sources */,
				842EB7DF22D4AA34004CEAA5 /* UIImageView.swift in Sources */,
				841216B722C9F1900034760C /* PHImageManager.swift in Sources */,
				8409183E22CBC9990005B89A /* UIScrollView.swift in Sources */,
				8452BA9622C655D000A3A553 /* PDCamera.swift in Sources */,
				8409184722CC6EA50005B89A /* Array.swift in Sources */,
				847F72CB22D79269008C289C /* UIProgressView.swift in Sources */,
				84D3CABC22ACCFD50035A126 /* PDAttrbuted.swift in Sources */,
				8409184122CC69710005B89A /* UIButton.swift in Sources */,
			);
			runOnlyForDeploymentPostprocessing = 0;
		};
/* End PBXSourcesBuildPhase section */

/* Begin XCBuildConfiguration section */
		840CFDE022AB84AA00F03CBC /* Debug */ = {
			isa = XCBuildConfiguration;
			buildSettings = {
				ALWAYS_SEARCH_USER_PATHS = NO;
				CLANG_ANALYZER_NONNULL = YES;
				CLANG_ANALYZER_NUMBER_OBJECT_CONVERSION = YES_AGGRESSIVE;
				CLANG_CXX_LANGUAGE_STANDARD = "gnu++14";
				CLANG_CXX_LIBRARY = "libc++";
				CLANG_ENABLE_MODULES = YES;
				CLANG_ENABLE_OBJC_ARC = YES;
				CLANG_ENABLE_OBJC_WEAK = YES;
				CLANG_WARN_BLOCK_CAPTURE_AUTORELEASING = YES;
				CLANG_WARN_BOOL_CONVERSION = YES;
				CLANG_WARN_COMMA = YES;
				CLANG_WARN_CONSTANT_CONVERSION = YES;
				CLANG_WARN_DEPRECATED_OBJC_IMPLEMENTATIONS = YES;
				CLANG_WARN_DIRECT_OBJC_ISA_USAGE = YES_ERROR;
				CLANG_WARN_DOCUMENTATION_COMMENTS = YES;
				CLANG_WARN_EMPTY_BODY = YES;
				CLANG_WARN_ENUM_CONVERSION = YES;
				CLANG_WARN_INFINITE_RECURSION = YES;
				CLANG_WARN_INT_CONVERSION = YES;
				CLANG_WARN_NON_LITERAL_NULL_CONVERSION = YES;
				CLANG_WARN_OBJC_IMPLICIT_RETAIN_SELF = YES;
				CLANG_WARN_OBJC_LITERAL_CONVERSION = YES;
				CLANG_WARN_OBJC_ROOT_CLASS = YES_ERROR;
				CLANG_WARN_RANGE_LOOP_ANALYSIS = YES;
				CLANG_WARN_STRICT_PROTOTYPES = YES;
				CLANG_WARN_SUSPICIOUS_MOVE = YES;
				CLANG_WARN_UNGUARDED_AVAILABILITY = YES_AGGRESSIVE;
				CLANG_WARN_UNREACHABLE_CODE = YES;
				CLANG_WARN__DUPLICATE_METHOD_MATCH = YES;
				CODE_SIGN_IDENTITY = "iPhone Developer";
				COPY_PHASE_STRIP = NO;
				CURRENT_PROJECT_VERSION = 1;
				DEBUG_INFORMATION_FORMAT = dwarf;
				ENABLE_STRICT_OBJC_MSGSEND = YES;
				ENABLE_TESTABILITY = YES;
				GCC_C_LANGUAGE_STANDARD = gnu11;
				GCC_DYNAMIC_NO_PIC = NO;
				GCC_NO_COMMON_BLOCKS = YES;
				GCC_OPTIMIZATION_LEVEL = 0;
				GCC_PREPROCESSOR_DEFINITIONS = (
					"DEBUG=1",
					"$(inherited)",
				);
				GCC_WARN_64_TO_32_BIT_CONVERSION = YES;
				GCC_WARN_ABOUT_RETURN_TYPE = YES_ERROR;
				GCC_WARN_UNDECLARED_SELECTOR = YES;
				GCC_WARN_UNINITIALIZED_AUTOS = YES_AGGRESSIVE;
				GCC_WARN_UNUSED_FUNCTION = YES;
				GCC_WARN_UNUSED_VARIABLE = YES;
				IPHONEOS_DEPLOYMENT_TARGET = 11.4;
				MTL_ENABLE_DEBUG_INFO = INCLUDE_SOURCE;
				MTL_FAST_MATH = YES;
				ONLY_ACTIVE_ARCH = YES;
				SDKROOT = iphoneos;
				SWIFT_ACTIVE_COMPILATION_CONDITIONS = DEBUG;
				SWIFT_OPTIMIZATION_LEVEL = "-Onone";
				VERSIONING_SYSTEM = "apple-generic";
				VERSION_INFO_PREFIX = "";
			};
			name = Debug;
		};
		840CFDE122AB84AA00F03CBC /* Release */ = {
			isa = XCBuildConfiguration;
			buildSettings = {
				ALWAYS_SEARCH_USER_PATHS = NO;
				CLANG_ANALYZER_NONNULL = YES;
				CLANG_ANALYZER_NUMBER_OBJECT_CONVERSION = YES_AGGRESSIVE;
				CLANG_CXX_LANGUAGE_STANDARD = "gnu++14";
				CLANG_CXX_LIBRARY = "libc++";
				CLANG_ENABLE_MODULES = YES;
				CLANG_ENABLE_OBJC_ARC = YES;
				CLANG_ENABLE_OBJC_WEAK = YES;
				CLANG_WARN_BLOCK_CAPTURE_AUTORELEASING = YES;
				CLANG_WARN_BOOL_CONVERSION = YES;
				CLANG_WARN_COMMA = YES;
				CLANG_WARN_CONSTANT_CONVERSION = YES;
				CLANG_WARN_DEPRECATED_OBJC_IMPLEMENTATIONS = YES;
				CLANG_WARN_DIRECT_OBJC_ISA_USAGE = YES_ERROR;
				CLANG_WARN_DOCUMENTATION_COMMENTS = YES;
				CLANG_WARN_EMPTY_BODY = YES;
				CLANG_WARN_ENUM_CONVERSION = YES;
				CLANG_WARN_INFINITE_RECURSION = YES;
				CLANG_WARN_INT_CONVERSION = YES;
				CLANG_WARN_NON_LITERAL_NULL_CONVERSION = YES;
				CLANG_WARN_OBJC_IMPLICIT_RETAIN_SELF = YES;
				CLANG_WARN_OBJC_LITERAL_CONVERSION = YES;
				CLANG_WARN_OBJC_ROOT_CLASS = YES_ERROR;
				CLANG_WARN_RANGE_LOOP_ANALYSIS = YES;
				CLANG_WARN_STRICT_PROTOTYPES = YES;
				CLANG_WARN_SUSPICIOUS_MOVE = YES;
				CLANG_WARN_UNGUARDED_AVAILABILITY = YES_AGGRESSIVE;
				CLANG_WARN_UNREACHABLE_CODE = YES;
				CLANG_WARN__DUPLICATE_METHOD_MATCH = YES;
				CODE_SIGN_IDENTITY = "iPhone Developer";
				COPY_PHASE_STRIP = NO;
				CURRENT_PROJECT_VERSION = 1;
				DEBUG_INFORMATION_FORMAT = "dwarf-with-dsym";
				ENABLE_NS_ASSERTIONS = NO;
				ENABLE_STRICT_OBJC_MSGSEND = YES;
				GCC_C_LANGUAGE_STANDARD = gnu11;
				GCC_NO_COMMON_BLOCKS = YES;
				GCC_WARN_64_TO_32_BIT_CONVERSION = YES;
				GCC_WARN_ABOUT_RETURN_TYPE = YES_ERROR;
				GCC_WARN_UNDECLARED_SELECTOR = YES;
				GCC_WARN_UNINITIALIZED_AUTOS = YES_AGGRESSIVE;
				GCC_WARN_UNUSED_FUNCTION = YES;
				GCC_WARN_UNUSED_VARIABLE = YES;
				IPHONEOS_DEPLOYMENT_TARGET = 11.4;
				MTL_ENABLE_DEBUG_INFO = NO;
				MTL_FAST_MATH = YES;
				SDKROOT = iphoneos;
				SWIFT_COMPILATION_MODE = wholemodule;
				SWIFT_OPTIMIZATION_LEVEL = "-O";
				VALIDATE_PRODUCT = YES;
				VERSIONING_SYSTEM = "apple-generic";
				VERSION_INFO_PREFIX = "";
			};
			name = Release;
		};
		840CFDE322AB84AA00F03CBC /* Debug */ = {
			isa = XCBuildConfiguration;
			buildSettings = {
				CLANG_ENABLE_MODULES = YES;
				CODE_SIGN_IDENTITY = "";
				CODE_SIGN_STYLE = Automatic;
				DEFINES_MODULE = YES;
				DEVELOPMENT_TEAM = 837FGU99PT;
				DYLIB_COMPATIBILITY_VERSION = 1;
				DYLIB_CURRENT_VERSION = 1;
				DYLIB_INSTALL_NAME_BASE = "@rpath";
				INFOPLIST_FILE = PDExtension/Info.plist;
				INSTALL_PATH = "$(LOCAL_LIBRARY_DIR)/Frameworks";
				IPHONEOS_DEPLOYMENT_TARGET = 11.4;
				LD_RUNPATH_SEARCH_PATHS = (
					"$(inherited)",
					"@executable_path/Frameworks",
					"@loader_path/Frameworks",
				);
				PRODUCT_BUNDLE_IDENTIFIER = pardn.co.PDExtension;
				PRODUCT_NAME = "$(TARGET_NAME:c99extidentifier)";
				SKIP_INSTALL = YES;
				SWIFT_OPTIMIZATION_LEVEL = "-Onone";
				SWIFT_VERSION = 5.0;
				TARGETED_DEVICE_FAMILY = "1,2";
			};
			name = Debug;
		};
		840CFDE422AB84AA00F03CBC /* Release */ = {
			isa = XCBuildConfiguration;
			buildSettings = {
				CLANG_ENABLE_MODULES = YES;
				CODE_SIGN_IDENTITY = "";
				CODE_SIGN_STYLE = Automatic;
				DEFINES_MODULE = YES;
				DEVELOPMENT_TEAM = 837FGU99PT;
				DYLIB_COMPATIBILITY_VERSION = 1;
				DYLIB_CURRENT_VERSION = 1;
				DYLIB_INSTALL_NAME_BASE = "@rpath";
				INFOPLIST_FILE = PDExtension/Info.plist;
				INSTALL_PATH = "$(LOCAL_LIBRARY_DIR)/Frameworks";
				IPHONEOS_DEPLOYMENT_TARGET = 11.4;
				LD_RUNPATH_SEARCH_PATHS = (
					"$(inherited)",
					"@executable_path/Frameworks",
					"@loader_path/Frameworks",
				);
				PRODUCT_BUNDLE_IDENTIFIER = pardn.co.PDExtension;
				PRODUCT_NAME = "$(TARGET_NAME:c99extidentifier)";
				SKIP_INSTALL = YES;
				SWIFT_VERSION = 5.0;
				TARGETED_DEVICE_FAMILY = "1,2";
			};
			name = Release;
		};
/* End XCBuildConfiguration section */

/* Begin XCConfigurationList section */
		840CFDD422AB84AA00F03CBC /* Build configuration list for PBXProject "PDExtension" */ = {
			isa = XCConfigurationList;
			buildConfigurations = (
				840CFDE022AB84AA00F03CBC /* Debug */,
				840CFDE122AB84AA00F03CBC /* Release */,
			);
			defaultConfigurationIsVisible = 0;
			defaultConfigurationName = Release;
		};
		840CFDE222AB84AA00F03CBC /* Build configuration list for PBXNativeTarget "PDExtension" */ = {
			isa = XCConfigurationList;
			buildConfigurations = (
				840CFDE322AB84AA00F03CBC /* Debug */,
				840CFDE422AB84AA00F03CBC /* Release */,
			);
			defaultConfigurationIsVisible = 0;
			defaultConfigurationName = Release;
		};
/* End XCConfigurationList section */
	};
	rootObject = 840CFDD122AB84AA00F03CBC /* Project object */;
}
